
Microsoft Visual Studio Solution File, Format Version 12.00
# Visual Studio Version 16
VisualStudioVersion = 16.0.30711.63
MinimumVisualStudioVersion = 10.0.40219.1
Project("{FAE04EC0-301F-11D3-BF4B-00C04F79EFBC}") = "Defenders", "Defenders.csproj", "{76BE020A-36E1-4B73-BEDA-977CF37C661C}"
EndProject
Global
	GlobalSection(SolutionConfigurationPlatforms) = preSolution
		Debug|Any CPU = Debug|Any CPU
		Release|Any CPU = Release|Any CPU
	EndGlobalSection
	GlobalSection(ProjectConfigurationPlatforms) = postSolution
		{76BE020A-36E1-4B73-BEDA-977CF37C661C}.Debug|Any CPU.ActiveCfg = Debug|Any CPU
		{76BE020A-36E1-4B73-BEDA-977CF37C661C}.Debug|Any CPU.Build.0 = Debug|Any CPU
		{76BE020A-36E1-4B73-BEDA-977CF37C661C}.Release|Any CPU.ActiveCfg = Release|Any CPU
		{76BE020A-36E1-4B73-BEDA-977CF37C661C}.Release|Any CPU.Build.0 = Release|Any CPU
	EndGlobalSection
	GlobalSection(SolutionProperties) = preSolution
		HideSolutionNode = FALSE
	EndGlobalSection
	GlobalSection(ExtensibilityGlobals) = postSolution
		SolutionGuid = {235137D4-DD48-43E5-B2C9-794357206027}
	EndGlobalSection
EndGlobal
